
Microsoft Visual Studio Solution File, Format Version 12.00
# Visual Studio Version 17
VisualStudioVersion = 17.3.32901.215
MinimumVisualStudioVersion = 10.0.40219.1
Project("{FAE04EC0-301F-11D3-BF4B-00C04F79EFBC}") = "ClientApp", "ClientApp\ClientApp.csproj", "{A3810EC9-557D-4F51-A912-08C6FDE66408}"
EndProject
Project("{FAE04EC0-301F-11D3-BF4B-00C04F79EFBC}") = "ServerApp", "ServerApp\ServerApp.csproj", "{8174AA98-6AE4-4A67-948B-64E70A1EA514}"
EndProject
Global
	GlobalSection(SolutionConfigurationPlatforms) = preSolution
		Debug|Any CPU = Debug|Any CPU
		Release|Any CPU = Release|Any CPU
	EndGlobalSection
	GlobalSection(ProjectConfigurationPlatforms) = postSolution
		{A3810EC9-557D-4F51-A912-08C6FDE66408}.Debug|Any CPU.ActiveCfg = Debug|Any CPU
		{A3810EC9-557D-4F51-A912-08C6FDE66408}.Debug|Any CPU.Build.0 = Debug|Any CPU
		{A3810EC9-557D-4F51-A912-08C6FDE66408}.Release|Any CPU.ActiveCfg = Release|Any CPU
		{A3810EC9-557D-4F51-A912-08C6FDE66408}.Release|Any CPU.Build.0 = Release|Any CPU
		{8174AA98-6AE4-4A67-948B-64E70A1EA514}.Debug|Any CPU.ActiveCfg = Debug|Any CPU
		{8174AA98-6AE4-4A67-948B-64E70A1EA514}.Debug|Any CPU.Build.0 = Debug|Any CPU
		{8174AA98-6AE4-4A67-948B-64E70A1EA514}.Release|Any CPU.ActiveCfg = Release|Any CPU
		{8174AA98-6AE4-4A67-948B-64E70A1EA514}.Release|Any CPU.Build.0 = Release|Any CPU
	EndGlobalSection
	GlobalSection(SolutionProperties) = preSolution
		HideSolutionNode = FALSE
	EndGlobalSection
	GlobalSection(ExtensibilityGlobals) = postSolution
		SolutionGuid = {80F0A2AF-5172-4A42-A63F-77C27E1E05A2}
	EndGlobalSection
EndGlobal
